// !$*UTF8*$!
{
	archiveVersion = 1;
	classes = {
	};
	objectVersion = 46;
	objects = {

/* Begin PBXBuildFile section */
		DE680C001F338A5B00A9F68C /* AppDelegate.swift in Sources */ = {isa = PBXBuildFile; fileRef = DE680BFF1F338A5B00A9F68C /* AppDelegate.swift */; };
		DE680C021F338A5B00A9F68C /* ViewController.swift in Sources */ = {isa = PBXBuildFile; fileRef = DE680C011F338A5B00A9F68C /* ViewController.swift */; };
		DE680C051F338A5B00A9F68C /* Main.storyboard in Resources */ = {isa = PBXBuildFile; fileRef = DE680C031F338A5B00A9F68C /* Main.storyboard */; };
		DE680C071F338A5B00A9F68C /* Assets.xcassets in Resources */ = {isa = PBXBuildFile; fileRef = DE680C061F338A5B00A9F68C /* Assets.xcassets */; };
		DE680C0A1F338A5B00A9F68C /* LaunchScreen.storyboard in Resources */ = {isa = PBXBuildFile; fileRef = DE680C081F338A5B00A9F68C /* LaunchScreen.storyboard */; };
/* End PBXBuildFile section */

/* Begin PBXContainerItemProxy section */
		DED484751F35BC2100D2B77F /* PBXContainerItemProxy */ = {
			isa = PBXContainerItemProxy;
			containerPortal = DED484701F35BC2000D2B77F /* FTAuthentication.xcodeproj */;
			proxyType = 2;
			remoteGlobalIDString = DED484561F35BC2000D2B77F;
			remoteInfo = FTAuthentication;
		};
		DED484771F35BC2100D2B77F /* PBXContainerItemProxy */ = {
			isa = PBXContainerItemProxy;
			containerPortal = DED484701F35BC2000D2B77F /* FTAuthentication.xcodeproj */;
			proxyType = 2;
			remoteGlobalIDString = DED4845F1F35BC2000D2B77F;
			remoteInfo = FTAuthenticationTests;
		};
/* End PBXContainerItemProxy section */

/* Begin PBXCopyFilesBuildPhase section */
		DE680C431F338ACD00A9F68C /* CopyFiles */ = {
			isa = PBXCopyFilesBuildPhase;
			buildActionMask = 2147483647;
			dstPath = "";
			dstSubfolderSpec = 11;
			files = (
			);
			runOnlyForDeploymentPostprocessing = 0;
		};
/* End PBXCopyFilesBuildPhase section */

/* Begin PBXFileReference section */
		DE680BFC1F338A5B00A9F68C /* FTAutenticationDemo.app */ = {isa = PBXFileReference; explicitFileType = wrapper.application; includeInIndex = 0; path = FTAutenticationDemo.app; sourceTree = BUILT_PRODUCTS_DIR; };
		DE680BFF1F338A5B00A9F68C /* AppDelegate.swift */ = {isa = PBXFileReference; lastKnownFileType = sourcecode.swift; path = AppDelegate.swift; sourceTree = "<group>"; };
		DE680C011F338A5B00A9F68C /* ViewController.swift */ = {isa = PBXFileReference; lastKnownFileType = sourcecode.swift; path = ViewController.swift; sourceTree = "<group>"; };
		DE680C041F338A5B00A9F68C /* Base */ = {isa = PBXFileReference; lastKnownFileType = file.storyboard; name = Base; path = Base.lproj/Main.storyboard; sourceTree = "<group>"; };
		DE680C061F338A5B00A9F68C /* Assets.xcassets */ = {isa = PBXFileReference; lastKnownFileType = folder.assetcatalog; path = Assets.xcassets; sourceTree = "<group>"; };
		DE680C091F338A5B00A9F68C /* Base */ = {isa = PBXFileReference; lastKnownFileType = file.storyboard; name = Base; path = Base.lproj/LaunchScreen.storyboard; sourceTree = "<group>"; };
		DE680C0B1F338A5B00A9F68C /* Info.plist */ = {isa = PBXFileReference; lastKnownFileType = text.plist.xml; path = Info.plist; sourceTree = "<group>"; };
		DE6F59B0269C7255008B6AC7 /* Gemfile */ = {isa = PBXFileReference; lastKnownFileType = text; name = Gemfile; path = ../../Gemfile; sourceTree = "<group>"; };
		DE6F59B1269C7255008B6AC7 /* FTAuthentication.podspec */ = {isa = PBXFileReference; lastKnownFileType = text; name = FTAuthentication.podspec; path = ../../FTAuthentication.podspec; sourceTree = "<group>"; };
		DE6F59B2269C7268008B6AC7 /* Pluginfile */ = {isa = PBXFileReference; lastKnownFileType = text; name = Pluginfile; path = ../../fastlane/Pluginfile; sourceTree = "<group>"; };
		DE6F59B3269C7268008B6AC7 /* Fastfile */ = {isa = PBXFileReference; lastKnownFileType = text; name = Fastfile; path = ../../fastlane/Fastfile; sourceTree = "<group>"; };
		DE6F59B4269C7271008B6AC7 /* Podfile */ = {isa = PBXFileReference; lastKnownFileType = text; path = Podfile; sourceTree = SOURCE_ROOT; };
		DE6F59B7269C8E7C008B6AC7 /* .gitignore */ = {isa = PBXFileReference; lastKnownFileType = text; name = .gitignore; path = ../../.gitignore; sourceTree = "<group>"; };
		DED484701F35BC2000D2B77F /* FTAuthentication.xcodeproj */ = {isa = PBXFileReference; lastKnownFileType = "wrapper.pb-project"; name = FTAuthentication.xcodeproj; path = ../../FTAuthentication/FTAuthentication.xcodeproj; sourceTree = "<group>"; };
/* End PBXFileReference section */

/* Begin PBXFrameworksBuildPhase section */
		DE680BF91F338A5B00A9F68C /* Frameworks */ = {
			isa = PBXFrameworksBuildPhase;
			buildActionMask = 2147483647;
			files = (
			);
			runOnlyForDeploymentPostprocessing = 0;
		};
/* End PBXFrameworksBuildPhase section */

/* Begin PBXGroup section */
		DE680BF31F338A5B00A9F68C = {
			isa = PBXGroup;
			children = (
				DE680BFE1F338A5B00A9F68C /* FTAutenticationDemo */,
				DE680BFD1F338A5B00A9F68C /* Products */,
			);
			sourceTree = "<group>";
		};
		DE680BFD1F338A5B00A9F68C /* Products */ = {
			isa = PBXGroup;
			children = (
				DE680BFC1F338A5B00A9F68C /* FTAutenticationDemo.app */,
			);
			name = Products;
			sourceTree = "<group>";
		};
		DE680BFE1F338A5B00A9F68C /* FTAutenticationDemo */ = {
			isa = PBXGroup;
			children = (
				DE6F59AE269C7226008B6AC7 /* PodFiles */,
				DE680C391F338A9700A9F68C /* Framework */,
				DE680BFF1F338A5B00A9F68C /* AppDelegate.swift */,
				DE680C011F338A5B00A9F68C /* ViewController.swift */,
				DE680C031F338A5B00A9F68C /* Main.storyboard */,
				DE680C061F338A5B00A9F68C /* Assets.xcassets */,
				DE680C081F338A5B00A9F68C /* LaunchScreen.storyboard */,
				DE680C0B1F338A5B00A9F68C /* Info.plist */,
			);
			path = FTAutenticationDemo;
			sourceTree = "<group>";
		};
		DE680C391F338A9700A9F68C /* Framework */ = {
			isa = PBXGroup;
			children = (
				DED484701F35BC2000D2B77F /* FTAuthentication.xcodeproj */,
			);
			name = Framework;
			sourceTree = "<group>";
		};
		DE6F59AE269C7226008B6AC7 /* PodFiles */ = {
			isa = PBXGroup;
			children = (
				DE6F59B7269C8E7C008B6AC7 /* .gitignore */,
				DE6F59B4269C7271008B6AC7 /* Podfile */,
				DE6F59B3269C7268008B6AC7 /* Fastfile */,
				DE6F59B2269C7268008B6AC7 /* Pluginfile */,
				DE6F59B1269C7255008B6AC7 /* FTAuthentication.podspec */,
				DE6F59B0269C7255008B6AC7 /* Gemfile */,
			);
			name = PodFiles;
			sourceTree = "<group>";
		};
		DED484711F35BC2000D2B77F /* Products */ = {
			isa = PBXGroup;
			children = (
				DED484761F35BC2100D2B77F /* FTAuthentication.framework */,
				DED484781F35BC2100D2B77F /* FTAuthenticationTests.xctest */,
			);
			name = Products;
			sourceTree = "<group>";
		};
/* End PBXGroup section */

/* Begin PBXNativeTarget section */
		DE680BFB1F338A5B00A9F68C /* FTAutenticationDemo */ = {
			isa = PBXNativeTarget;
			buildConfigurationList = DE680C241F338A5B00A9F68C /* Build configuration list for PBXNativeTarget "FTAutenticationDemo" */;
			buildPhases = (
				DE680BF81F338A5B00A9F68C /* Sources */,
				DE680BF91F338A5B00A9F68C /* Frameworks */,
				DE680BFA1F338A5B00A9F68C /* Resources */,
				DE680C431F338ACD00A9F68C /* CopyFiles */,
			);
			buildRules = (
			);
			dependencies = (
			);
			name = FTAutenticationDemo;
			productName = FTAutenticationDemo;
			productReference = DE680BFC1F338A5B00A9F68C /* FTAutenticationDemo.app */;
			productType = "com.apple.product-type.application";
		};
/* End PBXNativeTarget section */

/* Begin PBXProject section */
		DE680BF41F338A5B00A9F68C /* Project object */ = {
			isa = PBXProject;
			attributes = {
				LastSwiftUpdateCheck = 0830;
				LastUpgradeCheck = 1250;
				ORGANIZATIONNAME = "Praveen Prabhakar";
				TargetAttributes = {
					DE680BFB1F338A5B00A9F68C = {
						CreatedOnToolsVersion = 8.3.2;
						DevelopmentTeam = W6W48SVQX7;
						ProvisioningStyle = Automatic;
					};
				};
			};
			buildConfigurationList = DE680BF71F338A5B00A9F68C /* Build configuration list for PBXProject "FTAutenticationDemo" */;
			compatibilityVersion = "Xcode 3.2";
			developmentRegion = en;
			hasScannedForEncodings = 0;
			knownRegions = (
				en,
				Base,
			);
			mainGroup = DE680BF31F338A5B00A9F68C;
			productRefGroup = DE680BFD1F338A5B00A9F68C /* Products */;
			projectDirPath = "";
			projectReferences = (
				{
					ProductGroup = DED484711F35BC2000D2B77F /* Products */;
					ProjectRef = DED484701F35BC2000D2B77F /* FTAuthentication.xcodeproj */;
				},
			);
			projectRoot = "";
			targets = (
				DE680BFB1F338A5B00A9F68C /* FTAutenticationDemo */,
			);
		};
/* End PBXProject section */

/* Begin PBXReferenceProxy section */
		DED484761F35BC2100D2B77F /* FTAuthentication.framework */ = {
			isa = PBXReferenceProxy;
			fileType = wrapper.framework;
			path = FTAuthentication.framework;
			remoteRef = DED484751F35BC2100D2B77F /* PBXContainerItemProxy */;
			sourceTree = BUILT_PRODUCTS_DIR;
		};
		DED484781F35BC2100D2B77F /* FTAuthenticationTests.xctest */ = {
			isa = PBXReferenceProxy;
			fileType = wrapper.cfbundle;
			path = FTAuthenticationTests.xctest;
			remoteRef = DED484771F35BC2100D2B77F /* PBXContainerItemProxy */;
			sourceTree = BUILT_PRODUCTS_DIR;
		};
/* End PBXReferenceProxy section */

/* Begin PBXResourcesBuildPhase section */
		DE680BFA1F338A5B00A9F68C /* Resources */ = {
			isa = PBXResourcesBuildPhase;
			buildActionMask = 2147483647;
			files = (
				DE680C0A1F338A5B00A9F68C /* LaunchScreen.storyboard in Resources */,
				DE680C071F338A5B00A9F68C /* Assets.xcassets in Resources */,
				DE680C051F338A5B00A9F68C /* Main.storyboard in Resources */,
			);
			runOnlyForDeploymentPostprocessing = 0;
		};
/* End PBXResourcesBuildPhase section */

/* Begin PBXSourcesBuildPhase section */
		DE680BF81F338A5B00A9F68C /* Sources */ = {
			isa = PBXSourcesBuildPhase;
			buildActionMask = 2147483647;
			files = (
				DE680C021F338A5B00A9F68C /* ViewController.swift in Sources */,
				DE680C001F338A5B00A9F68C /* AppDelegate.swift in Sources */,
			);
			runOnlyForDeploymentPostprocessing = 0;
		};
/* End PBXSourcesBuildPhase section */

/* Begin PBXVariantGroup section */
		DE680C031F338A5B00A9F68C /* Main.storyboard */ = {
			isa = PBXVariantGroup;
			children = (
				DE680C041F338A5B00A9F68C /* Base */,
			);
			name = Main.storyboard;
			sourceTree = "<group>";
		};
		DE680C081F338A5B00A9F68C /* LaunchScreen.storyboard */ = {
			isa = PBXVariantGroup;
			children = (
				DE680C091F338A5B00A9F68C /* Base */,
			);
			name = LaunchScreen.storyboard;
			sourceTree = "<group>";
		};
/* End PBXVariantGroup section */

/* Begin XCBuildConfiguration section */
		DE680C221F338A5B00A9F68C /* Debug */ = {
			isa = XCBuildConfiguration;
			buildSettings = {
				ALWAYS_SEARCH_USER_PATHS = NO;
				CLANG_ANALYZER_LOCALIZABILITY_NONLOCALIZED = YES;
				CLANG_ANALYZER_NONNULL = YES;
				CLANG_ANALYZER_NUMBER_OBJECT_CONVERSION = YES_AGGRESSIVE;
				CLANG_CXX_LANGUAGE_STANDARD = "gnu++0x";
				CLANG_CXX_LIBRARY = "libc++";
				CLANG_ENABLE_MODULES = YES;
				CLANG_ENABLE_OBJC_ARC = YES;
				CLANG_WARN_BLOCK_CAPTURE_AUTORELEASING = YES;
				CLANG_WARN_BOOL_CONVERSION = YES;
				CLANG_WARN_COMMA = YES;
				CLANG_WARN_CONSTANT_CONVERSION = YES;
				CLANG_WARN_DEPRECATED_OBJC_IMPLEMENTATIONS = YES;
				CLANG_WARN_DIRECT_OBJC_ISA_USAGE = YES_ERROR;
				CLANG_WARN_DOCUMENTATION_COMMENTS = YES;
				CLANG_WARN_EMPTY_BODY = YES;
				CLANG_WARN_ENUM_CONVERSION = YES;
				CLANG_WARN_INFINITE_RECURSION = YES;
				CLANG_WARN_INT_CONVERSION = YES;
				CLANG_WARN_NON_LITERAL_NULL_CONVERSION = YES;
				CLANG_WARN_OBJC_IMPLICIT_RETAIN_SELF = YES;
				CLANG_WARN_OBJC_LITERAL_CONVERSION = YES;
				CLANG_WARN_OBJC_ROOT_CLASS = YES_ERROR;
				CLANG_WARN_QUOTED_INCLUDE_IN_FRAMEWORK_HEADER = YES;
				CLANG_WARN_RANGE_LOOP_ANALYSIS = YES;
				CLANG_WARN_STRICT_PROTOTYPES = YES;
				CLANG_WARN_SUSPICIOUS_MOVE = YES;
				CLANG_WARN_UNREACHABLE_CODE = YES;
				CLANG_WARN__DUPLICATE_METHOD_MATCH = YES;
				"CODE_SIGN_IDENTITY[sdk=iphoneos*]" = "iPhone Developer";
				COPY_PHASE_STRIP = NO;
				DEBUG_INFORMATION_FORMAT = dwarf;
				ENABLE_STRICT_OBJC_MSGSEND = YES;
				ENABLE_TESTABILITY = YES;
				GCC_C_LANGUAGE_STANDARD = gnu99;
				GCC_DYNAMIC_NO_PIC = NO;
				GCC_NO_COMMON_BLOCKS = YES;
				GCC_OPTIMIZATION_LEVEL = 0;
				GCC_PREPROCESSOR_DEFINITIONS = (
					"DEBUG=1",
					"$(inherited)",
				);
				GCC_WARN_64_TO_32_BIT_CONVERSION = YES;
				GCC_WARN_ABOUT_RETURN_TYPE = YES_ERROR;
				GCC_WARN_UNDECLARED_SELECTOR = YES;
				GCC_WARN_UNINITIALIZED_AUTOS = YES_AGGRESSIVE;
				GCC_WARN_UNUSED_FUNCTION = YES;
				GCC_WARN_UNUSED_VARIABLE = YES;
				IPHONEOS_DEPLOYMENT_TARGET = 13.0;
				MTL_ENABLE_DEBUG_INFO = YES;
				ONLY_ACTIVE_ARCH = YES;
				SDKROOT = iphoneos;
				SWIFT_ACTIVE_COMPILATION_CONDITIONS = DEBUG;
				SWIFT_OPTIMIZATION_LEVEL = "-Onone";
				SWIFT_VERSION = 5.0;
				TARGETED_DEVICE_FAMILY = "1,2";
			};
			name = Debug;
		};
		DE680C231F338A5B00A9F68C /* Release */ = {
			isa = XCBuildConfiguration;
			buildSettings = {
				ALWAYS_SEARCH_USER_PATHS = NO;
				CLANG_ANALYZER_LOCALIZABILITY_NONLOCALIZED = YES;
				CLANG_ANALYZER_NONNULL = YES;
				CLANG_ANALYZER_NUMBER_OBJECT_CONVERSION = YES_AGGRESSIVE;
				CLANG_CXX_LANGUAGE_STANDARD = "gnu++0x";
				CLANG_CXX_LIBRARY = "libc++";
				CLANG_ENABLE_MODULES = YES;
				CLANG_ENABLE_OBJC_ARC = YES;
				CLANG_WARN_BLOCK_CAPTURE_AUTORELEASING = YES;
				CLANG_WARN_BOOL_CONVERSION = YES;
				CLANG_WARN_COMMA = YES;
				CLANG_WARN_CONSTANT_CONVERSION = YES;
				CLANG_WARN_DEPRECATED_OBJC_IMPLEMENTATIONS = YES;
				CLANG_WARN_DIRECT_OBJC_ISA_USAGE = YES_ERROR;
				CLANG_WARN_DOCUMENTATION_COMMENTS = YES;
				CLANG_WARN_EMPTY_BODY = YES;
				CLANG_WARN_ENUM_CONVERSION = YES;
				CLANG_WARN_INFINITE_RECURSION = YES;
				CLANG_WARN_INT_CONVERSION = YES;
				CLANG_WARN_NON_LITERAL_NULL_CONVERSION = YES;
				CLANG_WARN_OBJC_IMPLICIT_RETAIN_SELF = YES;
				CLANG_WARN_OBJC_LITERAL_CONVERSION = YES;
				CLANG_WARN_OBJC_ROOT_CLASS = YES_ERROR;
				CLANG_WARN_QUOTED_INCLUDE_IN_FRAMEWORK_HEADER = YES;
				CLANG_WARN_RANGE_LOOP_ANALYSIS = YES;
				CLANG_WARN_STRICT_PROTOTYPES = YES;
				CLANG_WARN_SUSPICIOUS_MOVE = YES;
				CLANG_WARN_UNREACHABLE_CODE = YES;
				CLANG_WARN__DUPLICATE_METHOD_MATCH = YES;
				"CODE_SIGN_IDENTITY[sdk=iphoneos*]" = "iPhone Developer";
				COPY_PHASE_STRIP = NO;
				DEBUG_INFORMATION_FORMAT = "dwarf-with-dsym";
				ENABLE_NS_ASSERTIONS = NO;
				ENABLE_STRICT_OBJC_MSGSEND = YES;
				GCC_C_LANGUAGE_STANDARD = gnu99;
				GCC_NO_COMMON_BLOCKS = YES;
				GCC_WARN_64_TO_32_BIT_CONVERSION = YES;
				GCC_WARN_ABOUT_RETURN_TYPE = YES_ERROR;
				GCC_WARN_UNDECLARED_SELECTOR = YES;
				GCC_WARN_UNINITIALIZED_AUTOS = YES_AGGRESSIVE;
				GCC_WARN_UNUSED_FUNCTION = YES;
				GCC_WARN_UNUSED_VARIABLE = YES;
				IPHONEOS_DEPLOYMENT_TARGET = 13.0;
				MTL_ENABLE_DEBUG_INFO = NO;
				SDKROOT = iphoneos;
				SWIFT_OPTIMIZATION_LEVEL = "-Owholemodule";
				SWIFT_VERSION = 5.0;
				TARGETED_DEVICE_FAMILY = "1,2";
				VALIDATE_PRODUCT = YES;
			};
			name = Release;
		};
		DE680C251F338A5B00A9F68C /* Debug */ = {
			isa = XCBuildConfiguration;
			buildSettings = {
				ALWAYS_EMBED_SWIFT_STANDARD_LIBRARIES = NO;
				ASSETCATALOG_COMPILER_APPICON_NAME = AppIcon;
				DEVELOPMENT_TEAM = W6W48SVQX7;
				ENABLE_BITCODE = YES;
				INFOPLIST_FILE = FTAutenticationDemo/Info.plist;
				IPHONEOS_DEPLOYMENT_TARGET = 13.0;
				LD_RUNPATH_SEARCH_PATHS = "$(inherited) @executable_path/Frameworks";
				PRODUCT_BUNDLE_IDENTIFIER = com.ft.FTAutenticationDemo;
				PRODUCT_NAME = "$(TARGET_NAME)";
				SWIFT_VERSION = 5.0;
				TARGETED_DEVICE_FAMILY = "1,2";
			};
			name = Debug;
		};
		DE680C261F338A5B00A9F68C /* Release */ = {
			isa = XCBuildConfiguration;
			buildSettings = {
				ALWAYS_EMBED_SWIFT_STANDARD_LIBRARIES = NO;
				ASSETCATALOG_COMPILER_APPICON_NAME = AppIcon;
				DEVELOPMENT_TEAM = W6W48SVQX7;
				ENABLE_BITCODE = YES;
				INFOPLIST_FILE = FTAutenticationDemo/Info.plist;
				IPHONEOS_DEPLOYMENT_TARGET = 13.0;
				LD_RUNPATH_SEARCH_PATHS = "$(inherited) @executable_path/Frameworks";
				PRODUCT_BUNDLE_IDENTIFIER = com.ft.FTAutenticationDemo;
				PRODUCT_NAME = "$(TARGET_NAME)";
				SWIFT_VERSION = 5.0;
				TARGETED_DEVICE_FAMILY = "1,2";
			};
			name = Release;
		};
/* End XCBuildConfiguration section */

/* Begin XCConfigurationList section */
		DE680BF71F338A5B00A9F68C /* Build configuration list for PBXProject "FTAutenticationDemo" */ = {
			isa = XCConfigurationList;
			buildConfigurations = (
				DE680C221F338A5B00A9F68C /* Debug */,
				DE680C231F338A5B00A9F68C /* Release */,
			);
			defaultConfigurationIsVisible = 0;
			defaultConfigurationName = Debug;
		};
		DE680C241F338A5B00A9F68C /* Build configuration list for PBXNativeTarget "FTAutenticationDemo" */ = {
			isa = XCConfigurationList;
			buildConfigurations = (
				DE680C251F338A5B00A9F68C /* Debug */,
				DE680C261F338A5B00A9F68C /* Release */,
			);
			defaultConfigurationIsVisible = 0;
			defaultConfigurationName = Debug;
		};
/* End XCConfigurationList section */
	};
	rootObject = DE680BF41F338A5B00A9F68C /* Project object */;
}
